
Microsoft Visual Studio Solution File, Format Version 12.00
# Visual Studio Version 16
VisualStudioVersion = 16.0.30804.86
MinimumVisualStudioVersion = 10.0.40219.1
Project("{FAE04EC0-301F-11D3-BF4B-00C04F79EFBC}") = "IAsyncEnumerableVsIEnumerable", "IAsyncEnumerableVsIEnumerable\IAsyncEnumerableVsIEnumerable.csproj", "{4EA34450-977C-4048-904B-4D8969F2B41A}"
EndProject
Global
	GlobalSection(SolutionConfigurationPlatforms) = preSolution
		Debug|Any CPU = Debug|Any CPU
		Release|Any CPU = Release|Any CPU
	EndGlobalSection
	GlobalSection(ProjectConfigurationPlatforms) = postSolution
		{4EA34450-977C-4048-904B-4D8969F2B41A}.Debug|Any CPU.ActiveCfg = Debug|Any CPU
		{4EA34450-977C-4048-904B-4D8969F2B41A}.Debug|Any CPU.Build.0 = Debug|Any CPU
		{4EA34450-977C-4048-904B-4D8969F2B41A}.Release|Any CPU.ActiveCfg = Release|Any CPU
		{4EA34450-977C-4048-904B-4D8969F2B41A}.Release|Any CPU.Build.0 = Release|Any CPU
	EndGlobalSection
	GlobalSection(SolutionProperties) = preSolution
		HideSolutionNode = FALSE
	EndGlobalSection
	GlobalSection(ExtensibilityGlobals) = postSolution
		SolutionGuid = {449C376B-5B91-4D40-9E60-C7034C666917}
	EndGlobalSection
EndGlobal
